
Microsoft Visual Studio Solution File, Format Version 12.00
# Visual Studio Version 16
VisualStudioVersion = 16.0.30804.86
MinimumVisualStudioVersion = 10.0.40219.1
Project("{9A19103F-16F7-4668-BE54-9A1E7A4F7556}") = "KareAjansUI", "KareAjansUI\KareAjansUI.csproj", "{58B9F9B7-90C8-4543-9E83-6422BCFAF7B3}"
EndProject
Project("{9A19103F-16F7-4668-BE54-9A1E7A4F7556}") = "KareAjans.Entity", "KareAjansEntities\KareAjans.Entity.csproj", "{2AC04451-352D-469F-8709-6E657C28DEF3}"
EndProject
Project("{FAE04EC0-301F-11D3-BF4B-00C04F79EFBC}") = "KareAjans.Model", "KareAjans.Model\KareAjans.Model.csproj", "{9F86CB2C-F990-41B7-8B56-C9D5A23786BF}"
EndProject
Project("{FAE04EC0-301F-11D3-BF4B-00C04F79EFBC}") = "KareAjans.DataAccess", "KareAjans.DataAccess\KareAjans.DataAccess.csproj", "{B33868E8-7229-4BC0-BEFB-E0012385E77D}"
EndProject
Global
	GlobalSection(SolutionConfigurationPlatforms) = preSolution
		Debug|Any CPU = Debug|Any CPU
		Release|Any CPU = Release|Any CPU
	EndGlobalSection
	GlobalSection(ProjectConfigurationPlatforms) = postSolution
		{58B9F9B7-90C8-4543-9E83-6422BCFAF7B3}.Debug|Any CPU.ActiveCfg = Debug|Any CPU
		{58B9F9B7-90C8-4543-9E83-6422BCFAF7B3}.Debug|Any CPU.Build.0 = Debug|Any CPU
		{58B9F9B7-90C8-4543-9E83-6422BCFAF7B3}.Release|Any CPU.ActiveCfg = Release|Any CPU
		{58B9F9B7-90C8-4543-9E83-6422BCFAF7B3}.Release|Any CPU.Build.0 = Release|Any CPU
		{2AC04451-352D-469F-8709-6E657C28DEF3}.Debug|Any CPU.ActiveCfg = Debug|Any CPU
		{2AC04451-352D-469F-8709-6E657C28DEF3}.Debug|Any CPU.Build.0 = Debug|Any CPU
		{2AC04451-352D-469F-8709-6E657C28DEF3}.Release|Any CPU.ActiveCfg = Release|Any CPU
		{2AC04451-352D-469F-8709-6E657C28DEF3}.Release|Any CPU.Build.0 = Release|Any CPU
		{9F86CB2C-F990-41B7-8B56-C9D5A23786BF}.Debug|Any CPU.ActiveCfg = Debug|Any CPU
		{9F86CB2C-F990-41B7-8B56-C9D5A23786BF}.Debug|Any CPU.Build.0 = Debug|Any CPU
		{9F86CB2C-F990-41B7-8B56-C9D5A23786BF}.Release|Any CPU.ActiveCfg = Release|Any CPU
		{9F86CB2C-F990-41B7-8B56-C9D5A23786BF}.Release|Any CPU.Build.0 = Release|Any CPU
		{B33868E8-7229-4BC0-BEFB-E0012385E77D}.Debug|Any CPU.ActiveCfg = Debug|Any CPU
		{B33868E8-7229-4BC0-BEFB-E0012385E77D}.Debug|Any CPU.Build.0 = Debug|Any CPU
		{B33868E8-7229-4BC0-BEFB-E0012385E77D}.Release|Any CPU.ActiveCfg = Release|Any CPU
		{B33868E8-7229-4BC0-BEFB-E0012385E77D}.Release|Any CPU.Build.0 = Release|Any CPU
	EndGlobalSection
	GlobalSection(SolutionProperties) = preSolution
		HideSolutionNode = FALSE
	EndGlobalSection
	GlobalSection(ExtensibilityGlobals) = postSolution
		SolutionGuid = {C6980E66-1650-47FA-AEE1-27F404857B12}
	EndGlobalSection
EndGlobal
